
Microsoft Visual Studio Solution File, Format Version 12.00
# Visual Studio Version 17
VisualStudioVersion = 17.6.33723.286
MinimumVisualStudioVersion = 10.0.40219.1
Project("{FAE04EC0-301F-11D3-BF4B-00C04F79EFBC}") = "Note_pad", "Note_pad\Note_pad.csproj", "{40CADEEA-0975-41AC-B15B-7B31172B4D71}"
EndProject
Global
	GlobalSection(SolutionConfigurationPlatforms) = preSolution
		Debug|Any CPU = Debug|Any CPU
		Release|Any CPU = Release|Any CPU
	EndGlobalSection
	GlobalSection(ProjectConfigurationPlatforms) = postSolution
		{40CADEEA-0975-41AC-B15B-7B31172B4D71}.Debug|Any CPU.ActiveCfg = Debug|Any CPU
		{40CADEEA-0975-41AC-B15B-7B31172B4D71}.Debug|Any CPU.Build.0 = Debug|Any CPU
		{40CADEEA-0975-41AC-B15B-7B31172B4D71}.Release|Any CPU.ActiveCfg = Release|Any CPU
		{40CADEEA-0975-41AC-B15B-7B31172B4D71}.Release|Any CPU.Build.0 = Release|Any CPU
	EndGlobalSection
	GlobalSection(SolutionProperties) = preSolution
		HideSolutionNode = FALSE
	EndGlobalSection
	GlobalSection(ExtensibilityGlobals) = postSolution
		SolutionGuid = {6656F706-0E48-4EA1-A295-EC34DC329026}
	EndGlobalSection
EndGlobal
